
Microsoft Visual Studio Solution File, Format Version 12.00
# Visual Studio Version 16
VisualStudioVersion = 16.0.31025.194
MinimumVisualStudioVersion = 10.0.40219.1
Project("{9A19103F-16F7-4668-BE54-9A1E7A4F7556}") = "DataAccess", "DataAccess\DataAccess.csproj", "{0AAB7904-85BD-49F9-A06B-8E6FF502B0E3}"
EndProject
Project("{9A19103F-16F7-4668-BE54-9A1E7A4F7556}") = "Business", "Business\Business.csproj", "{C3F17250-27DD-4137-80E7-470ECD41A58B}"
EndProject
Project("{9A19103F-16F7-4668-BE54-9A1E7A4F7556}") = "Entities", "Entities\Entities.csproj", "{7687A902-1CC9-40FF-8C89-417A4E1C8E7F}"
EndProject
Project("{9A19103F-16F7-4668-BE54-9A1E7A4F7556}") = "ConsoleUI", "ConsoleUI\ConsoleUI.csproj", "{2231C14B-56C9-47A1-BA3C-96F4618C40B9}"
EndProject
Project("{9A19103F-16F7-4668-BE54-9A1E7A4F7556}") = "Core", "Core\Core.csproj", "{8B5F92F3-6B91-4702-AC4A-5A972AB8BC0F}"
EndProject
Project("{FAE04EC0-301F-11D3-BF4B-00C04F79EFBC}") = "WebAPI", "WebAPI\WebAPI.csproj", "{5275A592-404A-4B01-BCF2-A47F7B155343}"
EndProject
Global
	GlobalSection(SolutionConfigurationPlatforms) = preSolution
		Debug|Any CPU = Debug|Any CPU
		Release|Any CPU = Release|Any CPU
	EndGlobalSection
	GlobalSection(ProjectConfigurationPlatforms) = postSolution
		{0AAB7904-85BD-49F9-A06B-8E6FF502B0E3}.Debug|Any CPU.ActiveCfg = Debug|Any CPU
		{0AAB7904-85BD-49F9-A06B-8E6FF502B0E3}.Debug|Any CPU.Build.0 = Debug|Any CPU
		{0AAB7904-85BD-49F9-A06B-8E6FF502B0E3}.Release|Any CPU.ActiveCfg = Release|Any CPU
		{0AAB7904-85BD-49F9-A06B-8E6FF502B0E3}.Release|Any CPU.Build.0 = Release|Any CPU
		{C3F17250-27DD-4137-80E7-470ECD41A58B}.Debug|Any CPU.ActiveCfg = Debug|Any CPU
		{C3F17250-27DD-4137-80E7-470ECD41A58B}.Debug|Any CPU.Build.0 = Debug|Any CPU
		{C3F17250-27DD-4137-80E7-470ECD41A58B}.Release|Any CPU.ActiveCfg = Release|Any CPU
		{C3F17250-27DD-4137-80E7-470ECD41A58B}.Release|Any CPU.Build.0 = Release|Any CPU
		{7687A902-1CC9-40FF-8C89-417A4E1C8E7F}.Debug|Any CPU.ActiveCfg = Debug|Any CPU
		{7687A902-1CC9-40FF-8C89-417A4E1C8E7F}.Debug|Any CPU.Build.0 = Debug|Any CPU
		{7687A902-1CC9-40FF-8C89-417A4E1C8E7F}.Release|Any CPU.ActiveCfg = Release|Any CPU
		{7687A902-1CC9-40FF-8C89-417A4E1C8E7F}.Release|Any CPU.Build.0 = Release|Any CPU
		{2231C14B-56C9-47A1-BA3C-96F4618C40B9}.Debug|Any CPU.ActiveCfg = Debug|Any CPU
		{2231C14B-56C9-47A1-BA3C-96F4618C40B9}.Debug|Any CPU.Build.0 = Debug|Any CPU
		{2231C14B-56C9-47A1-BA3C-96F4618C40B9}.Release|Any CPU.ActiveCfg = Release|Any CPU
		{2231C14B-56C9-47A1-BA3C-96F4618C40B9}.Release|Any CPU.Build.0 = Release|Any CPU
		{8B5F92F3-6B91-4702-AC4A-5A972AB8BC0F}.Debug|Any CPU.ActiveCfg = Debug|Any CPU
		{8B5F92F3-6B91-4702-AC4A-5A972AB8BC0F}.Debug|Any CPU.Build.0 = Debug|Any CPU
		{8B5F92F3-6B91-4702-AC4A-5A972AB8BC0F}.Release|Any CPU.ActiveCfg = Release|Any CPU
		{8B5F92F3-6B91-4702-AC4A-5A972AB8BC0F}.Release|Any CPU.Build.0 = Release|Any CPU
		{5275A592-404A-4B01-BCF2-A47F7B155343}.Debug|Any CPU.ActiveCfg = Debug|Any CPU
		{5275A592-404A-4B01-BCF2-A47F7B155343}.Debug|Any CPU.Build.0 = Debug|Any CPU
		{5275A592-404A-4B01-BCF2-A47F7B155343}.Release|Any CPU.ActiveCfg = Release|Any CPU
		{5275A592-404A-4B01-BCF2-A47F7B155343}.Release|Any CPU.Build.0 = Release|Any CPU
	EndGlobalSection
	GlobalSection(SolutionProperties) = preSolution
		HideSolutionNode = FALSE
	EndGlobalSection
	GlobalSection(ExtensibilityGlobals) = postSolution
		SolutionGuid = {131EFD4E-0837-4B8B-BC49-6FADEEE23B15}
	EndGlobalSection
EndGlobal
